
Microsoft Visual Studio Solution File, Format Version 12.00
# Visual Studio Version 17
VisualStudioVersion = 17.10.35122.118
MinimumVisualStudioVersion = 10.0.40219.1
Project("{FAE04EC0-301F-11D3-BF4B-00C04F79EFBC}") = "parana-bank-credit-offer", "parana-bank-credit-offer\parana-bank-credit-offer.csproj", "{C7F74AF9-3A8A-44C4-84FC-70D4DC2E1F16}"
EndProject
Global
	GlobalSection(SolutionConfigurationPlatforms) = preSolution
		Debug|Any CPU = Debug|Any CPU
		Release|Any CPU = Release|Any CPU
	EndGlobalSection
	GlobalSection(ProjectConfigurationPlatforms) = postSolution
		{C7F74AF9-3A8A-44C4-84FC-70D4DC2E1F16}.Debug|Any CPU.ActiveCfg = Debug|Any CPU
		{C7F74AF9-3A8A-44C4-84FC-70D4DC2E1F16}.Debug|Any CPU.Build.0 = Debug|Any CPU
		{C7F74AF9-3A8A-44C4-84FC-70D4DC2E1F16}.Release|Any CPU.ActiveCfg = Release|Any CPU
		{C7F74AF9-3A8A-44C4-84FC-70D4DC2E1F16}.Release|Any CPU.Build.0 = Release|Any CPU
	EndGlobalSection
	GlobalSection(SolutionProperties) = preSolution
		HideSolutionNode = FALSE
	EndGlobalSection
	GlobalSection(ExtensibilityGlobals) = postSolution
		SolutionGuid = {0996C79B-39F7-4543-80A0-84F1B976B0C1}
	EndGlobalSection
EndGlobal
